
Microsoft Visual Studio Solution File, Format Version 12.00
# Visual Studio Version 17
VisualStudioVersion = 17.0.31903.59
MinimumVisualStudioVersion = 10.0.40219.1
Project("{FAE04EC0-301F-11D3-BF4B-00C04F79EFBC}") = "MazeGuy", "MazeGuy\MazeGuy\MazeGuy.csproj", "{2A416A18-AC8D-4C3D-BAE1-BCAE65B0E49D}"
EndProject
Project("{96E2B04D-8817-42C6-938A-82C39BA4D311}") = "MazeGuyContent", "MazeGuy\MazeGuyContent\MazeGuyContent.contentproj", "{42FD2AB5-438B-4920-9151-29D8C9B3FD93}"
EndProject
Project("{FAE04EC0-301F-11D3-BF4B-00C04F79EFBC}") = "MazeGuy.Bridge", "MazeGuy.Bridge\MazeGuy.Bridge.csproj", "{B1C2D3E4-F5A6-7890-BCDE-F12345678901}"
EndProject
Global
	GlobalSection(SolutionConfigurationPlatforms) = preSolution
		Debug|Any CPU = Debug|Any CPU
		Debug|x86 = Debug|x86
		Release|Any CPU = Release|Any CPU
		Release|x86 = Release|x86
	EndGlobalSection
	GlobalSection(ProjectConfigurationPlatforms) = postSolution
		{2A416A18-AC8D-4C3D-BAE1-BCAE65B0E49D}.Debug|Any CPU.ActiveCfg = Debug|x86
		{2A416A18-AC8D-4C3D-BAE1-BCAE65B0E49D}.Debug|x86.ActiveCfg = Debug|x86
		{2A416A18-AC8D-4C3D-BAE1-BCAE65B0E49D}.Debug|x86.Build.0 = Debug|x86
		{2A416A18-AC8D-4C3D-BAE1-BCAE65B0E49D}.Release|Any CPU.ActiveCfg = Release|x86
		{2A416A18-AC8D-4C3D-BAE1-BCAE65B0E49D}.Release|x86.ActiveCfg = Release|x86
		{2A416A18-AC8D-4C3D-BAE1-BCAE65B0E49D}.Release|x86.Build.0 = Release|x86
		{42FD2AB5-438B-4920-9151-29D8C9B3FD93}.Debug|Any CPU.ActiveCfg = Debug|x86
		{42FD2AB5-438B-4920-9151-29D8C9B3FD93}.Debug|x86.ActiveCfg = Debug|x86
		{42FD2AB5-438B-4920-9151-29D8C9B3FD93}.Release|Any CPU.ActiveCfg = Release|x86
		{42FD2AB5-438B-4920-9151-29D8C9B3FD93}.Release|x86.ActiveCfg = Release|x86
		{B1C2D3E4-F5A6-7890-BCDE-F12345678901}.Debug|Any CPU.ActiveCfg = Debug|Any CPU
		{B1C2D3E4-F5A6-7890-BCDE-F12345678901}.Debug|Any CPU.Build.0 = Debug|Any CPU
		{B1C2D3E4-F5A6-7890-BCDE-F12345678901}.Debug|x86.ActiveCfg = Debug|Any CPU
		{B1C2D3E4-F5A6-7890-BCDE-F12345678901}.Debug|x86.Build.0 = Debug|Any CPU
		{B1C2D3E4-F5A6-7890-BCDE-F12345678901}.Release|Any CPU.ActiveCfg = Release|Any CPU
		{B1C2D3E4-F5A6-7890-BCDE-F12345678901}.Release|Any CPU.Build.0 = Release|Any CPU
		{B1C2D3E4-F5A6-7890-BCDE-F12345678901}.Release|x86.ActiveCfg = Release|Any CPU
		{B1C2D3E4-F5A6-7890-BCDE-F12345678901}.Release|x86.Build.0 = Release|Any CPU
	EndGlobalSection
	GlobalSection(SolutionProperties) = preSolution
		HideSolutionNode = FALSE
	EndGlobalSection
EndGlobal
